
Microsoft Visual Studio Solution File, Format Version 12.00
# Visual Studio Version 16
VisualStudioVersion = 16.0.29009.5
MinimumVisualStudioVersion = 10.0.40219.1
Project("{FAE04EC0-301F-11D3-BF4B-00C04F79EFBC}") = "ENTERPRISE_CWK2", "ENTERPRISE_CWK2\ENTERPRISE_CWK2.csproj", "{31FBDF06-D232-47C1-8D16-7ED94D27E87C}"
EndProject
Global
	GlobalSection(SolutionConfigurationPlatforms) = preSolution
		Debug|Any CPU = Debug|Any CPU
		Release|Any CPU = Release|Any CPU
	EndGlobalSection
	GlobalSection(ProjectConfigurationPlatforms) = postSolution
		{31FBDF06-D232-47C1-8D16-7ED94D27E87C}.Debug|Any CPU.ActiveCfg = Debug|Any CPU
		{31FBDF06-D232-47C1-8D16-7ED94D27E87C}.Debug|Any CPU.Build.0 = Debug|Any CPU
		{31FBDF06-D232-47C1-8D16-7ED94D27E87C}.Release|Any CPU.ActiveCfg = Release|Any CPU
		{31FBDF06-D232-47C1-8D16-7ED94D27E87C}.Release|Any CPU.Build.0 = Release|Any CPU
	EndGlobalSection
	GlobalSection(SolutionProperties) = preSolution
		HideSolutionNode = FALSE
	EndGlobalSection
	GlobalSection(ExtensibilityGlobals) = postSolution
		SolutionGuid = {9630CE19-1F9A-4055-A49D-DD3DC3651739}
	EndGlobalSection
EndGlobal
